
Microsoft Visual Studio Solution File, Format Version 12.00
# Visual Studio 15
VisualStudioVersion = 15.0.28307.136
MinimumVisualStudioVersion = 10.0.40219.1
Project("{FAE04EC0-301F-11D3-BF4B-00C04F79EFBC}") = "AccessToMongoDeltaBackupScheduler", "AttendanceDataExtractor\AccessToMongoDeltaBackupScheduler.csproj", "{50FD6EA6-114D-4229-A8AC-11600F3D2BFE}"
EndProject
Project("{9A19103F-16F7-4668-BE54-9A1E7A4F7556}") = "Models.Core", "Models.Core\Models.Core.csproj", "{3535D45A-C958-4532-AFB0-E5ED3D56D063}"
EndProject
Global
	GlobalSection(SolutionConfigurationPlatforms) = preSolution
		Debug|Any CPU = Debug|Any CPU
		Release|Any CPU = Release|Any CPU
	EndGlobalSection
	GlobalSection(ProjectConfigurationPlatforms) = postSolution
		{50FD6EA6-114D-4229-A8AC-11600F3D2BFE}.Debug|Any CPU.ActiveCfg = Debug|Any CPU
		{50FD6EA6-114D-4229-A8AC-11600F3D2BFE}.Debug|Any CPU.Build.0 = Debug|Any CPU
		{50FD6EA6-114D-4229-A8AC-11600F3D2BFE}.Release|Any CPU.ActiveCfg = Release|Any CPU
		{50FD6EA6-114D-4229-A8AC-11600F3D2BFE}.Release|Any CPU.Build.0 = Release|Any CPU
		{3535D45A-C958-4532-AFB0-E5ED3D56D063}.Debug|Any CPU.ActiveCfg = Debug|Any CPU
		{3535D45A-C958-4532-AFB0-E5ED3D56D063}.Debug|Any CPU.Build.0 = Debug|Any CPU
		{3535D45A-C958-4532-AFB0-E5ED3D56D063}.Release|Any CPU.ActiveCfg = Release|Any CPU
		{3535D45A-C958-4532-AFB0-E5ED3D56D063}.Release|Any CPU.Build.0 = Release|Any CPU
	EndGlobalSection
	GlobalSection(SolutionProperties) = preSolution
		HideSolutionNode = FALSE
	EndGlobalSection
	GlobalSection(ExtensibilityGlobals) = postSolution
		SolutionGuid = {B60D78B2-104A-45C5-858D-E1DAC922B113}
	EndGlobalSection
EndGlobal
